
Microsoft Visual Studio Solution File, Format Version 12.00
# Visual Studio Version 16
VisualStudioVersion = 16.0.31702.278
MinimumVisualStudioVersion = 10.0.40219.1
Project("{9A19103F-16F7-4668-BE54-9A1E7A4F7556}") = "ConsoleToWebAppCore", "ConsoleToWebAppCore\ConsoleToWebAppCore.csproj", "{3EF92EB8-A123-43A4-A4A6-20F68D1DEFAF}"
EndProject
Project("{9A19103F-16F7-4668-BE54-9A1E7A4F7556}") = "BookStores.API", "BookStores.API\BookStores.API.csproj", "{EB7235CB-A857-431C-9C8B-D67407B279F7}"
EndProject
Project("{FAE04EC0-301F-11D3-BF4B-00C04F79EFBC}") = "BooksStore.AngularApp", "BooksStore.AngularApp\BooksStore.AngularApp.csproj", "{B8A80D8A-45A1-430B-A189-430839834E14}"
EndProject
Global
	GlobalSection(SolutionConfigurationPlatforms) = preSolution
		Debug|Any CPU = Debug|Any CPU
		Release|Any CPU = Release|Any CPU
	EndGlobalSection
	GlobalSection(ProjectConfigurationPlatforms) = postSolution
		{3EF92EB8-A123-43A4-A4A6-20F68D1DEFAF}.Debug|Any CPU.ActiveCfg = Debug|Any CPU
		{3EF92EB8-A123-43A4-A4A6-20F68D1DEFAF}.Debug|Any CPU.Build.0 = Debug|Any CPU
		{3EF92EB8-A123-43A4-A4A6-20F68D1DEFAF}.Release|Any CPU.ActiveCfg = Release|Any CPU
		{3EF92EB8-A123-43A4-A4A6-20F68D1DEFAF}.Release|Any CPU.Build.0 = Release|Any CPU
		{EB7235CB-A857-431C-9C8B-D67407B279F7}.Debug|Any CPU.ActiveCfg = Debug|Any CPU
		{EB7235CB-A857-431C-9C8B-D67407B279F7}.Debug|Any CPU.Build.0 = Debug|Any CPU
		{EB7235CB-A857-431C-9C8B-D67407B279F7}.Release|Any CPU.ActiveCfg = Release|Any CPU
		{EB7235CB-A857-431C-9C8B-D67407B279F7}.Release|Any CPU.Build.0 = Release|Any CPU
		{B8A80D8A-45A1-430B-A189-430839834E14}.Debug|Any CPU.ActiveCfg = Debug|Any CPU
		{B8A80D8A-45A1-430B-A189-430839834E14}.Debug|Any CPU.Build.0 = Debug|Any CPU
		{B8A80D8A-45A1-430B-A189-430839834E14}.Release|Any CPU.ActiveCfg = Release|Any CPU
		{B8A80D8A-45A1-430B-A189-430839834E14}.Release|Any CPU.Build.0 = Release|Any CPU
	EndGlobalSection
	GlobalSection(SolutionProperties) = preSolution
		HideSolutionNode = FALSE
	EndGlobalSection
	GlobalSection(ExtensibilityGlobals) = postSolution
		SolutionGuid = {2F4E7D3A-916D-4871-9382-1CBDA2E7CBA5}
	EndGlobalSection
EndGlobal
